// !$*UTF8*$!
{
	archiveVersion = 1;
	classes = {
	};
	objectVersion = 77;
	objects = {

/* Begin PBXBuildFile section */
		7F9F05582F07291D0070E1B2 /* AppDelegate.swift in Sources */ = {isa = PBXBuildFile; fileRef = 7F9F05572F07291D0070E1B2 /* AppDelegate.swift */; };
		7F9F055A2F07291D0070E1B2 /* SceneDelegate.swift in Sources */ = {isa = PBXBuildFile; fileRef = 7F9F05592F07291D0070E1B2 /* SceneDelegate.swift */; };
		7F9F055D2F07291D0070E1B2 /* LaunchScreen.storyboard in Resources */ = {isa = PBXBuildFile; fileRef = 7F9F055B2F07291D0070E1B2 /* LaunchScreen.storyboard */; };
		7F9F05602F07291D0070E1B2 /* Main.storyboard in Resources */ = {isa = PBXBuildFile; fileRef = 7F9F055E2F07291D0070E1B2 /* Main.storyboard */; };
		7F9F05692F07291D0070E1B2 /* AppDelegate.swift in Sources */ = {isa = PBXBuildFile; fileRef = 7F9F05682F07291D0070E1B2 /* AppDelegate.swift */; };
		7F9F056C2F07291D0070E1B2 /* Main.storyboard in Resources */ = {isa = PBXBuildFile; fileRef = 7F9F056A2F07291D0070E1B2 /* Main.storyboard */; };
		7F9F05732F07291D0070E1B2 /* Cat Scratches Extension.appex in Embed Foundation Extensions */ = {isa = PBXBuildFile; fileRef = 7F9F05722F07291D0070E1B2 /* Cat Scratches Extension.appex */; settings = {ATTRIBUTES = (RemoveHeadersOnCopy, ); }; };
		7F9F057D2F07291D0070E1B2 /* Cat Scratches Extension.appex in Embed Foundation Extensions */ = {isa = PBXBuildFile; fileRef = 7F9F057C2F07291D0070E1B2 /* Cat Scratches Extension.appex */; settings = {ATTRIBUTES = (RemoveHeadersOnCopy, ); }; };
		7F9F058B2F07291D0070E1B2 /* ViewController.swift in Sources */ = {isa = PBXBuildFile; fileRef = 7F9F054C2F07291B0070E1B2 /* ViewController.swift */; };
		7F9F058C2F07291D0070E1B2 /* Assets.xcassets in Resources */ = {isa = PBXBuildFile; fileRef = 7F9F054D2F07291C0070E1B2 /* Assets.xcassets */; };
		7F9F058D2F07291D0070E1B2 /* Assets.xcassets in Resources */ = {isa = PBXBuildFile; fileRef = 7F9F054D2F07291C0070E1B2 /* Assets.xcassets */; };
		7F9F058E2F07291D0070E1B2 /* SafariWebExtensionHandler.swift in Sources */ = {isa = PBXBuildFile; fileRef = 7F9F054F2F07291C0070E1B2 /* SafariWebExtensionHandler.swift */; };
		7F9F058F2F07291D0070E1B2 /* SafariWebExtensionHandler.swift in Sources */ = {isa = PBXBuildFile; fileRef = 7F9F054F2F07291C0070E1B2 /* SafariWebExtensionHandler.swift */; };
		7F9F05AC2F07291D0070E1B2 /* catlogo_light.png in Resources */ = {isa = PBXBuildFile; fileRef = 7F9F05A12F07291D0070E1B2 /* catlogo_light.png */; };
		7F9F05AD2F07291D0070E1B2 /* background.js in Resources */ = {isa = PBXBuildFile; fileRef = 7F9F05A22F07291D0070E1B2 /* background.js */; };
		7F9F05AE2F07291D0070E1B2 /* images in Resources */ = {isa = PBXBuildFile; fileRef = 7F9F05A32F07291D0070E1B2 /* images */; };
		7F9F05AF2F07291D0070E1B2 /* catlogo_dark.png in Resources */ = {isa = PBXBuildFile; fileRef = 7F9F05A42F07291D0070E1B2 /* catlogo_dark.png */; };
		7F9F05B02F07291D0070E1B2 /* turndown.js in Resources */ = {isa = PBXBuildFile; fileRef = 7F9F05A52F07291D0070E1B2 /* turndown.js */; };
		7F9F05B12F07291D0070E1B2 /* catlogo.png in Resources */ = {isa = PBXBuildFile; fileRef = 7F9F05A62F07291D0070E1B2 /* catlogo.png */; };
		7F9F05B22F07291D0070E1B2 /* manifest.json in Resources */ = {isa = PBXBuildFile; fileRef = 7F9F05A72F07291D0070E1B2 /* manifest.json */; };
		7F9F05B32F07291D0070E1B2 /* _locales in Resources */ = {isa = PBXBuildFile; fileRef = 7F9F05A82F07291D0070E1B2 /* _locales */; };
		7F9F05B42F07291D0070E1B2 /* settings.html in Resources */ = {isa = PBXBuildFile; fileRef = 7F9F05A92F07291D0070E1B2 /* settings.html */; };
		7F9F05B52F07291D0070E1B2 /* defaults.js in Resources */ = {isa = PBXBuildFile; fileRef = 7F9F05AA2F07291D0070E1B2 /* defaults.js */; };
		7F9F05B62F07291D0070E1B2 /* settings.js in Resources */ = {isa = PBXBuildFile; fileRef = 7F9F05AB2F07291D0070E1B2 /* settings.js */; };
		7F9F05B72F07291D0070E1B2 /* catlogo_light.png in Resources */ = {isa = PBXBuildFile; fileRef = 7F9F05A12F07291D0070E1B2 /* catlogo_light.png */; };
		7F9F05B82F07291D0070E1B2 /* background.js in Resources */ = {isa = PBXBuildFile; fileRef = 7F9F05A22F07291D0070E1B2 /* background.js */; };
		7F9F05B92F07291D0070E1B2 /* images in Resources */ = {isa = PBXBuildFile; fileRef = 7F9F05A32F07291D0070E1B2 /* images */; };
		7F9F05BA2F07291D0070E1B2 /* catlogo_dark.png in Resources */ = {isa = PBXBuildFile; fileRef = 7F9F05A42F07291D0070E1B2 /* catlogo_dark.png */; };
		7F9F05BB2F07291D0070E1B2 /* turndown.js in Resources */ = {isa = PBXBuildFile; fileRef = 7F9F05A52F07291D0070E1B2 /* turndown.js */; };
		7F9F05BC2F07291D0070E1B2 /* catlogo.png in Resources */ = {isa = PBXBuildFile; fileRef = 7F9F05A62F07291D0070E1B2 /* catlogo.png */; };
		7F9F05BD2F07291D0070E1B2 /* manifest.json in Resources */ = {isa = PBXBuildFile; fileRef = 7F9F05A72F07291D0070E1B2 /* manifest.json */; };
		7F9F05BE2F07291D0070E1B2 /* _locales in Resources */ = {isa = PBXBuildFile; fileRef = 7F9F05A82F07291D0070E1B2 /* _locales */; };
		7F9F05BF2F07291D0070E1B2 /* settings.html in Resources */ = {isa = PBXBuildFile; fileRef = 7F9F05A92F07291D0070E1B2 /* settings.html */; };
		7F9F05C02F07291D0070E1B2 /* defaults.js in Resources */ = {isa = PBXBuildFile; fileRef = 7F9F05AA2F07291D0070E1B2 /* defaults.js */; };
		7F9F05C12F07291D0070E1B2 /* settings.js in Resources */ = {isa = PBXBuildFile; fileRef = 7F9F05AB2F07291D0070E1B2 /* settings.js */; };
		7FCONTENT0012F07291D0070E1B2 /* content-extractor.js in Resources */ = {isa = PBXBuildFile; fileRef = 7FCONTENT0002F07291D0070E1B2 /* content-extractor.js */; };
		7FCONTENT0022F07291D0070E1B2 /* content-extractor.js in Resources */ = {isa = PBXBuildFile; fileRef = 7FCONTENT0002F07291D0070E1B2 /* content-extractor.js */; };
		7FSTORE0012F07291D0070E1B2 /* settings-store.js in Resources */ = {isa = PBXBuildFile; fileRef = 7FSTORE0002F07291D0070E1B2 /* settings-store.js */; };
		7FSTORE0022F07291D0070E1B2 /* settings-store.js in Resources */ = {isa = PBXBuildFile; fileRef = 7FSTORE0002F07291D0070E1B2 /* settings-store.js */; };
		7FABC0012F07400000000001 /* ViewController.swift in Sources */ = {isa = PBXBuildFile; fileRef = 7FABC0002F07400000000001 /* ViewController.swift */; };
		7FABC0062F07700000000001 /* MainSettingsView.swift in Sources */ = {isa = PBXBuildFile; fileRef = 7FABC0072F07700000000001 /* MainSettingsView.swift */; };
		7FABC0082F07700000000002 /* MainSettingsView.swift in Sources */ = {isa = PBXBuildFile; fileRef = 7FABC0072F07700000000001 /* MainSettingsView.swift */; };
		7FABC0092F07800000000001 /* PrivacyInfo.xcprivacy in Resources */ = {isa = PBXBuildFile; fileRef = 7FABC00A2F07800000000001 /* PrivacyInfo.xcprivacy */; };
		7FABC00B2F07800000000002 /* PrivacyInfo.xcprivacy in Resources */ = {isa = PBXBuildFile; fileRef = 7FABC00A2F07800000000001 /* PrivacyInfo.xcprivacy */; };
		7FLOC0012F07291D0070E1B2 /* Localizable.xcstrings in Resources */ = {isa = PBXBuildFile; fileRef = 7FLOC0002F07291D0070E1B2 /* Localizable.xcstrings */; };
		7FLOC0022F07291D0070E1B2 /* Localizable.xcstrings in Resources */ = {isa = PBXBuildFile; fileRef = 7FLOC0002F07291D0070E1B2 /* Localizable.xcstrings */; };
		7FI18N0012F07291D0070E1B2 /* i18n.js in Resources */ = {isa = PBXBuildFile; fileRef = 7FI18N0002F07291D0070E1B2 /* i18n.js */; };
		7FI18N0022F07291D0070E1B2 /* i18n.js in Resources */ = {isa = PBXBuildFile; fileRef = 7FI18N0002F07291D0070E1B2 /* i18n.js */; };
/* End PBXBuildFile section */

/* Begin PBXContainerItemProxy section */
		7F9F05742F07291D0070E1B2 /* PBXContainerItemProxy */ = {
			isa = PBXContainerItemProxy;
			containerPortal = 7F9F05412F07291B0070E1B2 /* Project object */;
			proxyType = 1;
			remoteGlobalIDString = 7F9F05712F07291D0070E1B2;
			remoteInfo = "Cat Scratches Extension (iOS)";
		};
		7F9F057E2F07291D0070E1B2 /* PBXContainerItemProxy */ = {
			isa = PBXContainerItemProxy;
			containerPortal = 7F9F05412F07291B0070E1B2 /* Project object */;
			proxyType = 1;
			remoteGlobalIDString = 7F9F057B2F07291D0070E1B2;
			remoteInfo = "Cat Scratches Extension (macOS)";
		};
/* End PBXContainerItemProxy section */

/* Begin PBXCopyFilesBuildPhase section */
		7F9F05952F07291D0070E1B2 /* Embed Foundation Extensions */ = {
			isa = PBXCopyFilesBuildPhase;
			buildActionMask = 2147483647;
			dstPath = "";
			dstSubfolderSpec = 13;
			files = (
				7F9F05732F07291D0070E1B2 /* Cat Scratches Extension.appex in Embed Foundation Extensions */,
			);
			name = "Embed Foundation Extensions";
			runOnlyForDeploymentPostprocessing = 0;
		};
		7F9F059C2F07291D0070E1B2 /* Embed Foundation Extensions */ = {
			isa = PBXCopyFilesBuildPhase;
			buildActionMask = 2147483647;
			dstPath = "";
			dstSubfolderSpec = 13;
			files = (
				7F9F057D2F07291D0070E1B2 /* Cat Scratches Extension.appex in Embed Foundation Extensions */,
			);
			name = "Embed Foundation Extensions";
			runOnlyForDeploymentPostprocessing = 0;
		};
/* End PBXCopyFilesBuildPhase section */

/* Begin PBXFileReference section */
		7F9F054C2F07291B0070E1B2 /* ViewController.swift */ = {isa = PBXFileReference; lastKnownFileType = sourcecode.swift; path = ViewController.swift; sourceTree = "<group>"; };
		7F9F054D2F07291C0070E1B2 /* Assets.xcassets */ = {isa = PBXFileReference; lastKnownFileType = folder.assetcatalog; path = Assets.xcassets; sourceTree = "<group>"; };
		7F9F054F2F07291C0070E1B2 /* SafariWebExtensionHandler.swift */ = {isa = PBXFileReference; lastKnownFileType = sourcecode.swift; path = SafariWebExtensionHandler.swift; sourceTree = "<group>"; };
		7F9F05542F07291D0070E1B2 /* Cat Scratches.app */ = {isa = PBXFileReference; explicitFileType = wrapper.application; includeInIndex = 0; path = "Cat Scratches.app"; sourceTree = BUILT_PRODUCTS_DIR; };
		7F9F05572F07291D0070E1B2 /* AppDelegate.swift */ = {isa = PBXFileReference; lastKnownFileType = sourcecode.swift; path = AppDelegate.swift; sourceTree = "<group>"; };
		7F9F05592F07291D0070E1B2 /* SceneDelegate.swift */ = {isa = PBXFileReference; lastKnownFileType = sourcecode.swift; path = SceneDelegate.swift; sourceTree = "<group>"; };
		7F9F055C2F07291D0070E1B2 /* Base */ = {isa = PBXFileReference; lastKnownFileType = file.storyboard; name = Base; path = Base.lproj/LaunchScreen.storyboard; sourceTree = "<group>"; };
		7F9F055F2F07291D0070E1B2 /* Base */ = {isa = PBXFileReference; lastKnownFileType = file.storyboard; name = Base; path = Base.lproj/Main.storyboard; sourceTree = "<group>"; };
		7F9F05612F07291D0070E1B2 /* Info.plist */ = {isa = PBXFileReference; lastKnownFileType = text.plist.xml; path = Info.plist; sourceTree = "<group>"; };
		7F9F05662F07291D0070E1B2 /* Cat Scratches.app */ = {isa = PBXFileReference; explicitFileType = wrapper.application; includeInIndex = 0; path = "Cat Scratches.app"; sourceTree = BUILT_PRODUCTS_DIR; };
		7F9F05682F07291D0070E1B2 /* AppDelegate.swift */ = {isa = PBXFileReference; lastKnownFileType = sourcecode.swift; path = AppDelegate.swift; sourceTree = "<group>"; };
		7F9F056B2F07291D0070E1B2 /* Base */ = {isa = PBXFileReference; lastKnownFileType = file.storyboard; name = Base; path = Base.lproj/Main.storyboard; sourceTree = "<group>"; };
		7F9F056D2F07291D0070E1B2 /* Info.plist */ = {isa = PBXFileReference; lastKnownFileType = text.plist.xml; path = Info.plist; sourceTree = "<group>"; };
		7F9F05722F07291D0070E1B2 /* Cat Scratches Extension.appex */ = {isa = PBXFileReference; explicitFileType = "wrapper.app-extension"; includeInIndex = 0; path = "Cat Scratches Extension.appex"; sourceTree = BUILT_PRODUCTS_DIR; };
		7F9F05772F07291D0070E1B2 /* Info.plist */ = {isa = PBXFileReference; lastKnownFileType = text.plist.xml; path = Info.plist; sourceTree = "<group>"; };
		7F9F057C2F07291D0070E1B2 /* Cat Scratches Extension.appex */ = {isa = PBXFileReference; explicitFileType = "wrapper.app-extension"; includeInIndex = 0; path = "Cat Scratches Extension.appex"; sourceTree = BUILT_PRODUCTS_DIR; };
		7F9F05812F07291D0070E1B2 /* Info.plist */ = {isa = PBXFileReference; lastKnownFileType = text.plist.xml; path = Info.plist; sourceTree = "<group>"; };
		7F9F05A12F07291D0070E1B2 /* catlogo_light.png */ = {isa = PBXFileReference; lastKnownFileType = image.png; name = catlogo_light.png; path = Resources/catlogo_light.png; sourceTree = "<group>"; };
		7F9F05A22F07291D0070E1B2 /* background.js */ = {isa = PBXFileReference; lastKnownFileType = sourcecode.javascript; name = background.js; path = Resources/background.js; sourceTree = "<group>"; };
		7F9F05A32F07291D0070E1B2 /* images */ = {isa = PBXFileReference; lastKnownFileType = folder; name = images; path = Resources/images; sourceTree = "<group>"; };
		7F9F05A42F07291D0070E1B2 /* catlogo_dark.png */ = {isa = PBXFileReference; lastKnownFileType = image.png; name = catlogo_dark.png; path = Resources/catlogo_dark.png; sourceTree = "<group>"; };
		7F9F05A52F07291D0070E1B2 /* turndown.js */ = {isa = PBXFileReference; lastKnownFileType = sourcecode.javascript; name = turndown.js; path = Resources/turndown.js; sourceTree = "<group>"; };
		7F9F05A62F07291D0070E1B2 /* catlogo.png */ = {isa = PBXFileReference; lastKnownFileType = image.png; name = catlogo.png; path = Resources/catlogo.png; sourceTree = "<group>"; };
		7F9F05A72F07291D0070E1B2 /* manifest.json */ = {isa = PBXFileReference; lastKnownFileType = text.json; name = manifest.json; path = Resources/manifest.json; sourceTree = "<group>"; };
		7F9F05A82F07291D0070E1B2 /* _locales */ = {isa = PBXFileReference; lastKnownFileType = folder; name = _locales; path = Resources/_locales; sourceTree = "<group>"; };
		7F9F05A92F07291D0070E1B2 /* settings.html */ = {isa = PBXFileReference; lastKnownFileType = text.html; name = settings.html; path = Resources/settings.html; sourceTree = "<group>"; };
		7F9F05AA2F07291D0070E1B2 /* defaults.js */ = {isa = PBXFileReference; lastKnownFileType = sourcecode.javascript; name = defaults.js; path = Resources/defaults.js; sourceTree = "<group>"; };
		7F9F05AB2F07291D0070E1B2 /* settings.js */ = {isa = PBXFileReference; lastKnownFileType = sourcecode.javascript; name = settings.js; path = Resources/settings.js; sourceTree = "<group>"; };
		7FCONTENT0002F07291D0070E1B2 /* content-extractor.js */ = {isa = PBXFileReference; lastKnownFileType = sourcecode.javascript; name = "content-extractor.js"; path = "Resources/content-extractor.js"; sourceTree = "<group>"; };
		7FSTORE0002F07291D0070E1B2 /* settings-store.js */ = {isa = PBXFileReference; lastKnownFileType = sourcecode.javascript; name = "settings-store.js"; path = "Resources/settings-store.js"; sourceTree = "<group>"; };
		7FABC0002F07400000000001 /* ViewController.swift */ = {isa = PBXFileReference; lastKnownFileType = sourcecode.swift; path = ViewController.swift; sourceTree = "<group>"; };
		7FABC0072F07700000000001 /* MainSettingsView.swift */ = {isa = PBXFileReference; lastKnownFileType = sourcecode.swift; path = MainSettingsView.swift; sourceTree = "<group>"; };
		7FABC00A2F07800000000001 /* PrivacyInfo.xcprivacy */ = {isa = PBXFileReference; lastKnownFileType = text.xml; path = PrivacyInfo.xcprivacy; sourceTree = "<group>"; };
		7FLOC0002F07291D0070E1B2 /* Localizable.xcstrings */ = {isa = PBXFileReference; lastKnownFileType = text.json.xcstrings; path = Localizable.xcstrings; sourceTree = "<group>"; };
		7FI18N0002F07291D0070E1B2 /* i18n.js */ = {isa = PBXFileReference; lastKnownFileType = sourcecode.javascript; name = i18n.js; path = Resources/i18n.js; sourceTree = "<group>"; };
		7FMSTR0012F07291D0070E1B2 /* vi */ = {isa = PBXFileReference; lastKnownFileType = text.plist.strings; name = vi; path = vi.lproj/Main.strings; sourceTree = "<group>"; };
		7FMSTR0022F07291D0070E1B2 /* de */ = {isa = PBXFileReference; lastKnownFileType = text.plist.strings; name = de; path = de.lproj/Main.strings; sourceTree = "<group>"; };
		7FMSTR0032F07291D0070E1B2 /* fr */ = {isa = PBXFileReference; lastKnownFileType = text.plist.strings; name = fr; path = fr.lproj/Main.strings; sourceTree = "<group>"; };
		7FMSTR0042F07291D0070E1B2 /* nl */ = {isa = PBXFileReference; lastKnownFileType = text.plist.strings; name = nl; path = nl.lproj/Main.strings; sourceTree = "<group>"; };
		7FMSTR0052F07291D0070E1B2 /* ja */ = {isa = PBXFileReference; lastKnownFileType = text.plist.strings; name = ja; path = ja.lproj/Main.strings; sourceTree = "<group>"; };
		7FMSTR0062F07291D0070E1B2 /* es */ = {isa = PBXFileReference; lastKnownFileType = text.plist.strings; name = es; path = es.lproj/Main.strings; sourceTree = "<group>"; };
/* End PBXFileReference section */

/* Begin PBXFrameworksBuildPhase section */
		7F9F05512F07291C0070E1B2 /* Frameworks */ = {
			isa = PBXFrameworksBuildPhase;
			buildActionMask = 2147483647;
			files = (
			);
			runOnlyForDeploymentPostprocessing = 0;
		};
		7F9F05632F07291D0070E1B2 /* Frameworks */ = {
			isa = PBXFrameworksBuildPhase;
			buildActionMask = 2147483647;
			files = (
			);
			runOnlyForDeploymentPostprocessing = 0;
		};
		7F9F056F2F07291D0070E1B2 /* Frameworks */ = {
			isa = PBXFrameworksBuildPhase;
			buildActionMask = 2147483647;
			files = (
			);
			runOnlyForDeploymentPostprocessing = 0;
		};
		7F9F05792F07291D0070E1B2 /* Frameworks */ = {
			isa = PBXFrameworksBuildPhase;
			buildActionMask = 2147483647;
			files = (
			);
			runOnlyForDeploymentPostprocessing = 0;
		};
/* End PBXFrameworksBuildPhase section */

/* Begin PBXGroup section */
		7F9F05402F07291B0070E1B2 = {
			isa = PBXGroup;
			children = (
				7F9F05452F07291B0070E1B2 /* Shared (App) */,
				7F9F054E2F07291C0070E1B2 /* Shared (Extension) */,
				7F9F05562F07291D0070E1B2 /* iOS (App) */,
				7F9F05672F07291D0070E1B2 /* macOS (App) */,
				7F9F05762F07291D0070E1B2 /* iOS (Extension) */,
				7F9F05802F07291D0070E1B2 /* macOS (Extension) */,
				7F9F05552F07291D0070E1B2 /* Products */,
			);
			sourceTree = "<group>";
		};
			7F9F05452F07291B0070E1B2 /* Shared (App) */ = {
				isa = PBXGroup;
				children = (
					7F9F054C2F07291B0070E1B2 /* ViewController.swift */,
					7FABC0072F07700000000001 /* MainSettingsView.swift */,
					7FABC00A2F07800000000001 /* PrivacyInfo.xcprivacy */,
					7FLOC0002F07291D0070E1B2 /* Localizable.xcstrings */,
					7F9F054D2F07291C0070E1B2 /* Assets.xcassets */,
				);
				path = "Shared (App)";
				sourceTree = "<group>";
			};
		7F9F054E2F07291C0070E1B2 /* Shared (Extension) */ = {
			isa = PBXGroup;
			children = (
				7F9F05A02F07291D0070E1B2 /* Resources */,
				7F9F054F2F07291C0070E1B2 /* SafariWebExtensionHandler.swift */,
			);
			path = "Shared (Extension)";
			sourceTree = "<group>";
		};
		7F9F05552F07291D0070E1B2 /* Products */ = {
			isa = PBXGroup;
			children = (
				7F9F05542F07291D0070E1B2 /* Cat Scratches.app */,
				7F9F05662F07291D0070E1B2 /* Cat Scratches.app */,
				7F9F05722F07291D0070E1B2 /* Cat Scratches Extension.appex */,
				7F9F057C2F07291D0070E1B2 /* Cat Scratches Extension.appex */,
			);
			name = Products;
			sourceTree = "<group>";
		};
		7F9F05562F07291D0070E1B2 /* iOS (App) */ = {
			isa = PBXGroup;
			children = (
				7F9F05572F07291D0070E1B2 /* AppDelegate.swift */,
				7FABC0002F07400000000001 /* ViewController.swift */,
				7F9F05592F07291D0070E1B2 /* SceneDelegate.swift */,
				7F9F055B2F07291D0070E1B2 /* LaunchScreen.storyboard */,
				7F9F055E2F07291D0070E1B2 /* Main.storyboard */,
				7F9F05612F07291D0070E1B2 /* Info.plist */,
			);
			path = "iOS (App)";
			sourceTree = "<group>";
		};
		7F9F05672F07291D0070E1B2 /* macOS (App) */ = {
			isa = PBXGroup;
			children = (
				7F9F05682F07291D0070E1B2 /* AppDelegate.swift */,
				7F9F056A2F07291D0070E1B2 /* Main.storyboard */,
				7F9F056D2F07291D0070E1B2 /* Info.plist */,
			);
			path = "macOS (App)";
			sourceTree = "<group>";
		};
		7F9F05762F07291D0070E1B2 /* iOS (Extension) */ = {
			isa = PBXGroup;
			children = (
				7F9F05772F07291D0070E1B2 /* Info.plist */,
			);
			path = "iOS (Extension)";
			sourceTree = "<group>";
		};
		7F9F05802F07291D0070E1B2 /* macOS (Extension) */ = {
			isa = PBXGroup;
			children = (
				7F9F05812F07291D0070E1B2 /* Info.plist */,
			);
			path = "macOS (Extension)";
			sourceTree = "<group>";
		};
		7F9F05A02F07291D0070E1B2 /* Resources */ = {
			isa = PBXGroup;
			children = (
				7F9F05A12F07291D0070E1B2 /* catlogo_light.png */,
				7F9F05A22F07291D0070E1B2 /* background.js */,
				7F9F05A32F07291D0070E1B2 /* images */,
				7F9F05A42F07291D0070E1B2 /* catlogo_dark.png */,
				7F9F05A52F07291D0070E1B2 /* turndown.js */,
				7F9F05A62F07291D0070E1B2 /* catlogo.png */,
				7F9F05A72F07291D0070E1B2 /* manifest.json */,
				7F9F05A82F07291D0070E1B2 /* _locales */,
				7F9F05A92F07291D0070E1B2 /* settings.html */,
				7F9F05AA2F07291D0070E1B2 /* defaults.js */,
				7FSTORE0002F07291D0070E1B2 /* settings-store.js */,
				7F9F05AB2F07291D0070E1B2 /* settings.js */,
				7FCONTENT0002F07291D0070E1B2 /* content-extractor.js */,
				7FI18N0002F07291D0070E1B2 /* i18n.js */,
			);
			name = Resources;
			path = "Shared (Extension)";
			sourceTree = SOURCE_ROOT;
		};
/* End PBXGroup section */

/* Begin PBXNativeTarget section */
		7F9F05532F07291C0070E1B2 /* Cat Scratches (iOS) */ = {
			isa = PBXNativeTarget;
			buildConfigurationList = 7F9F05962F07291D0070E1B2 /* Build configuration list for PBXNativeTarget "Cat Scratches (iOS)" */;
			buildPhases = (
				7F9F05502F07291C0070E1B2 /* Sources */,
				7F9F05512F07291C0070E1B2 /* Frameworks */,
				7F9F05522F07291C0070E1B2 /* Resources */,
				7F9F05952F07291D0070E1B2 /* Embed Foundation Extensions */,
			);
			buildRules = (
			);
			dependencies = (
				7F9F05752F07291D0070E1B2 /* PBXTargetDependency */,
			);
			name = "Cat Scratches (iOS)";
			packageProductDependencies = (
			);
			productName = "Cat Scratches (iOS)";
			productReference = 7F9F05542F07291D0070E1B2 /* Cat Scratches.app */;
			productType = "com.apple.product-type.application";
		};
		7F9F05652F07291D0070E1B2 /* Cat Scratches (macOS) */ = {
			isa = PBXNativeTarget;
			buildConfigurationList = 7F9F059D2F07291D0070E1B2 /* Build configuration list for PBXNativeTarget "Cat Scratches (macOS)" */;
			buildPhases = (
				7F9F05622F07291D0070E1B2 /* Sources */,
				7F9F05632F07291D0070E1B2 /* Frameworks */,
				7F9F05642F07291D0070E1B2 /* Resources */,
				7F9F059C2F07291D0070E1B2 /* Embed Foundation Extensions */,
			);
			buildRules = (
			);
			dependencies = (
				7F9F057F2F07291D0070E1B2 /* PBXTargetDependency */,
			);
			name = "Cat Scratches (macOS)";
			packageProductDependencies = (
			);
			productName = "Cat Scratches (macOS)";
			productReference = 7F9F05662F07291D0070E1B2 /* Cat Scratches.app */;
			productType = "com.apple.product-type.application";
		};
		7F9F05712F07291D0070E1B2 /* Cat Scratches Extension (iOS) */ = {
			isa = PBXNativeTarget;
			buildConfigurationList = 7F9F05922F07291D0070E1B2 /* Build configuration list for PBXNativeTarget "Cat Scratches Extension (iOS)" */;
			buildPhases = (
				7F9F056E2F07291D0070E1B2 /* Sources */,
				7F9F056F2F07291D0070E1B2 /* Frameworks */,
				7F9F05702F07291D0070E1B2 /* Resources */,
			);
			buildRules = (
			);
			dependencies = (
			);
			name = "Cat Scratches Extension (iOS)";
			packageProductDependencies = (
			);
			productName = "Cat Scratches Extension (iOS)";
			productReference = 7F9F05722F07291D0070E1B2 /* Cat Scratches Extension.appex */;
			productType = "com.apple.product-type.app-extension";
		};
		7F9F057B2F07291D0070E1B2 /* Cat Scratches Extension (macOS) */ = {
			isa = PBXNativeTarget;
			buildConfigurationList = 7F9F05992F07291D0070E1B2 /* Build configuration list for PBXNativeTarget "Cat Scratches Extension (macOS)" */;
			buildPhases = (
				7F9F05782F07291D0070E1B2 /* Sources */,
				7F9F05792F07291D0070E1B2 /* Frameworks */,
				7F9F057A2F07291D0070E1B2 /* Resources */,
			);
			buildRules = (
			);
			dependencies = (
			);
			name = "Cat Scratches Extension (macOS)";
			packageProductDependencies = (
			);
			productName = "Cat Scratches Extension (macOS)";
			productReference = 7F9F057C2F07291D0070E1B2 /* Cat Scratches Extension.appex */;
			productType = "com.apple.product-type.app-extension";
		};
/* End PBXNativeTarget section */

/* Begin PBXProject section */
		7F9F05412F07291B0070E1B2 /* Project object */ = {
			isa = PBXProject;
			attributes = {
				BuildIndependentTargetsInParallel = 1;
				LastSwiftUpdateCheck = 2620;
				LastUpgradeCheck = 2620;
				TargetAttributes = {
					7F9F05532F07291C0070E1B2 = {
						CreatedOnToolsVersion = 26.2;
					};
					7F9F05652F07291D0070E1B2 = {
						CreatedOnToolsVersion = 26.2;
					};
					7F9F05712F07291D0070E1B2 = {
						CreatedOnToolsVersion = 26.2;
					};
					7F9F057B2F07291D0070E1B2 = {
						CreatedOnToolsVersion = 26.2;
					};
				};
			};
			buildConfigurationList = 7F9F05442F07291B0070E1B2 /* Build configuration list for PBXProject "Cat Scratches" */;
			developmentRegion = en;
			hasScannedForEncodings = 0;
			knownRegions = (
				en,
				Base,
				vi,
				de,
				fr,
				nl,
				ja,
				es,
			);
			mainGroup = 7F9F05402F07291B0070E1B2;
			minimizedProjectReferenceProxies = 1;
			preferredProjectObjectVersion = 77;
			productRefGroup = 7F9F05552F07291D0070E1B2 /* Products */;
			projectDirPath = "";
			projectRoot = "";
			targets = (
				7F9F05532F07291C0070E1B2 /* Cat Scratches (iOS) */,
				7F9F05652F07291D0070E1B2 /* Cat Scratches (macOS) */,
				7F9F05712F07291D0070E1B2 /* Cat Scratches Extension (iOS) */,
				7F9F057B2F07291D0070E1B2 /* Cat Scratches Extension (macOS) */,
			);
		};
/* End PBXProject section */

/* Begin PBXResourcesBuildPhase section */
			7F9F05522F07291C0070E1B2 /* Resources */ = {
				isa = PBXResourcesBuildPhase;
				buildActionMask = 2147483647;
				files = (
					7F9F055D2F07291D0070E1B2 /* LaunchScreen.storyboard in Resources */,
					7F9F058C2F07291D0070E1B2 /* Assets.xcassets in Resources */,
					7F9F05602F07291D0070E1B2 /* Main.storyboard in Resources */,
					7FABC0092F07800000000001 /* PrivacyInfo.xcprivacy in Resources */,
					7FLOC0012F07291D0070E1B2 /* Localizable.xcstrings in Resources */,
				);
				runOnlyForDeploymentPostprocessing = 0;
			};
			7F9F05642F07291D0070E1B2 /* Resources */ = {
				isa = PBXResourcesBuildPhase;
				buildActionMask = 2147483647;
				files = (
					7F9F056C2F07291D0070E1B2 /* Main.storyboard in Resources */,
					7F9F058D2F07291D0070E1B2 /* Assets.xcassets in Resources */,
					7FABC00B2F07800000000002 /* PrivacyInfo.xcprivacy in Resources */,
					7FLOC0022F07291D0070E1B2 /* Localizable.xcstrings in Resources */,
				);
				runOnlyForDeploymentPostprocessing = 0;
			};
		7F9F05702F07291D0070E1B2 /* Resources */ = {
			isa = PBXResourcesBuildPhase;
			buildActionMask = 2147483647;
			files = (
				7F9F05BF2F07291D0070E1B2 /* settings.html in Resources */,
				7F9F05B92F07291D0070E1B2 /* images in Resources */,
				7F9F05C02F07291D0070E1B2 /* defaults.js in Resources */,
				7F9F05BD2F07291D0070E1B2 /* manifest.json in Resources */,
				7F9F05BE2F07291D0070E1B2 /* _locales in Resources */,
				7F9F05BA2F07291D0070E1B2 /* catlogo_dark.png in Resources */,
				7F9F05B82F07291D0070E1B2 /* background.js in Resources */,
				7F9F05BC2F07291D0070E1B2 /* catlogo.png in Resources */,
				7F9F05C12F07291D0070E1B2 /* settings.js in Resources */,
				7FSTORE0012F07291D0070E1B2 /* settings-store.js in Resources */,
				7F9F05B72F07291D0070E1B2 /* catlogo_light.png in Resources */,
				7F9F05BB2F07291D0070E1B2 /* turndown.js in Resources */,
				7FCONTENT0012F07291D0070E1B2 /* content-extractor.js in Resources */,
				7FI18N0012F07291D0070E1B2 /* i18n.js in Resources */,
			);
			runOnlyForDeploymentPostprocessing = 0;
		};
		7F9F057A2F07291D0070E1B2 /* Resources */ = {
			isa = PBXResourcesBuildPhase;
			buildActionMask = 2147483647;
			files = (
				7F9F05B42F07291D0070E1B2 /* settings.html in Resources */,
				7F9F05AE2F07291D0070E1B2 /* images in Resources */,
				7F9F05B52F07291D0070E1B2 /* defaults.js in Resources */,
				7F9F05B22F07291D0070E1B2 /* manifest.json in Resources */,
				7F9F05B32F07291D0070E1B2 /* _locales in Resources */,
				7F9F05AF2F07291D0070E1B2 /* catlogo_dark.png in Resources */,
				7F9F05AD2F07291D0070E1B2 /* background.js in Resources */,
				7F9F05B12F07291D0070E1B2 /* catlogo.png in Resources */,
				7F9F05B62F07291D0070E1B2 /* settings.js in Resources */,
				7FSTORE0022F07291D0070E1B2 /* settings-store.js in Resources */,
				7F9F05AC2F07291D0070E1B2 /* catlogo_light.png in Resources */,
				7F9F05B02F07291D0070E1B2 /* turndown.js in Resources */,
				7FCONTENT0022F07291D0070E1B2 /* content-extractor.js in Resources */,
				7FI18N0022F07291D0070E1B2 /* i18n.js in Resources */,
			);
			runOnlyForDeploymentPostprocessing = 0;
		};
/* End PBXResourcesBuildPhase section */

/* Begin PBXSourcesBuildPhase section */
		7F9F05502F07291C0070E1B2 /* Sources */ = {
			isa = PBXSourcesBuildPhase;
			buildActionMask = 2147483647;
			files = (
				7F9F05582F07291D0070E1B2 /* AppDelegate.swift in Sources */,
				7FABC0012F07400000000001 /* ViewController.swift in Sources */,
				7FABC0062F07700000000001 /* MainSettingsView.swift in Sources */,
				7F9F055A2F07291D0070E1B2 /* SceneDelegate.swift in Sources */,
			);
			runOnlyForDeploymentPostprocessing = 0;
		};
		7F9F05622F07291D0070E1B2 /* Sources */ = {
			isa = PBXSourcesBuildPhase;
			buildActionMask = 2147483647;
			files = (
				7F9F058B2F07291D0070E1B2 /* ViewController.swift in Sources */,
				7FABC0082F07700000000002 /* MainSettingsView.swift in Sources */,
				7F9F05692F07291D0070E1B2 /* AppDelegate.swift in Sources */,
			);
			runOnlyForDeploymentPostprocessing = 0;
		};
		7F9F056E2F07291D0070E1B2 /* Sources */ = {
			isa = PBXSourcesBuildPhase;
			buildActionMask = 2147483647;
			files = (
				7F9F058E2F07291D0070E1B2 /* SafariWebExtensionHandler.swift in Sources */,
			);
			runOnlyForDeploymentPostprocessing = 0;
		};
		7F9F05782F07291D0070E1B2 /* Sources */ = {
			isa = PBXSourcesBuildPhase;
			buildActionMask = 2147483647;
			files = (
				7F9F058F2F07291D0070E1B2 /* SafariWebExtensionHandler.swift in Sources */,
			);
			runOnlyForDeploymentPostprocessing = 0;
		};
/* End PBXSourcesBuildPhase section */

/* Begin PBXTargetDependency section */
		7F9F05752F07291D0070E1B2 /* PBXTargetDependency */ = {
			isa = PBXTargetDependency;
			target = 7F9F05712F07291D0070E1B2 /* Cat Scratches Extension (iOS) */;
			targetProxy = 7F9F05742F07291D0070E1B2 /* PBXContainerItemProxy */;
		};
		7F9F057F2F07291D0070E1B2 /* PBXTargetDependency */ = {
			isa = PBXTargetDependency;
			target = 7F9F057B2F07291D0070E1B2 /* Cat Scratches Extension (macOS) */;
			targetProxy = 7F9F057E2F07291D0070E1B2 /* PBXContainerItemProxy */;
		};
/* End PBXTargetDependency section */

/* Begin PBXVariantGroup section */
			7F9F055B2F07291D0070E1B2 /* LaunchScreen.storyboard */ = {
				isa = PBXVariantGroup;
			children = (
				7F9F055C2F07291D0070E1B2 /* Base */,
			);
			name = LaunchScreen.storyboard;
			sourceTree = "<group>";
		};
		7F9F055E2F07291D0070E1B2 /* Main.storyboard */ = {
			isa = PBXVariantGroup;
			children = (
				7F9F055F2F07291D0070E1B2 /* Base */,
			);
			name = Main.storyboard;
			sourceTree = "<group>";
		};
		7F9F056A2F07291D0070E1B2 /* Main.storyboard */ = {
			isa = PBXVariantGroup;
			children = (
				7F9F056B2F07291D0070E1B2 /* Base */,
				7FMSTR0012F07291D0070E1B2 /* vi */,
				7FMSTR0022F07291D0070E1B2 /* de */,
				7FMSTR0032F07291D0070E1B2 /* fr */,
				7FMSTR0042F07291D0070E1B2 /* nl */,
				7FMSTR0052F07291D0070E1B2 /* ja */,
				7FMSTR0062F07291D0070E1B2 /* es */,
			);
			name = Main.storyboard;
			sourceTree = "<group>";
		};
/* End PBXVariantGroup section */

/* Begin XCBuildConfiguration section */
		7F9F05902F07291D0070E1B2 /* Debug */ = {
			isa = XCBuildConfiguration;
			buildSettings = {
				ALWAYS_SEARCH_USER_PATHS = NO;
				ASSETCATALOG_COMPILER_GENERATE_SWIFT_ASSET_SYMBOL_EXTENSIONS = YES;
				CLANG_ANALYZER_NONNULL = YES;
				CLANG_ANALYZER_NUMBER_OBJECT_CONVERSION = YES_AGGRESSIVE;
				CLANG_CXX_LANGUAGE_STANDARD = "gnu++20";
				CLANG_ENABLE_MODULES = YES;
				CLANG_ENABLE_OBJC_ARC = YES;
				CLANG_ENABLE_OBJC_WEAK = YES;
				CLANG_WARN_BLOCK_CAPTURE_AUTORELEASING = YES;
				CLANG_WARN_BOOL_CONVERSION = YES;
				CLANG_WARN_COMMA = YES;
				CLANG_WARN_CONSTANT_CONVERSION = YES;
				CLANG_WARN_DEPRECATED_OBJC_IMPLEMENTATIONS = YES;
				CLANG_WARN_DIRECT_OBJC_ISA_USAGE = YES_ERROR;
				CLANG_WARN_DOCUMENTATION_COMMENTS = YES;
				CLANG_WARN_EMPTY_BODY = YES;
				CLANG_WARN_ENUM_CONVERSION = YES;
				CLANG_WARN_INFINITE_RECURSION = YES;
				CLANG_WARN_INT_CONVERSION = YES;
				CLANG_WARN_NON_LITERAL_NULL_CONVERSION = YES;
				CLANG_WARN_OBJC_IMPLICIT_RETAIN_SELF = YES;
				CLANG_WARN_OBJC_LITERAL_CONVERSION = YES;
				CLANG_WARN_OBJC_ROOT_CLASS = YES_ERROR;
				CLANG_WARN_QUOTED_INCLUDE_IN_FRAMEWORK_HEADER = YES;
				CLANG_WARN_RANGE_LOOP_ANALYSIS = YES;
				CLANG_WARN_STRICT_PROTOTYPES = YES;
				CLANG_WARN_SUSPICIOUS_MOVE = YES;
				CLANG_WARN_UNGUARDED_AVAILABILITY = YES_AGGRESSIVE;
				CLANG_WARN_UNREACHABLE_CODE = YES;
				CLANG_WARN__DUPLICATE_METHOD_MATCH = YES;
				COPY_PHASE_STRIP = NO;
				DEBUG_INFORMATION_FORMAT = dwarf;
				ENABLE_STRICT_OBJC_MSGSEND = YES;
				ENABLE_TESTABILITY = YES;
				ENABLE_USER_SCRIPT_SANDBOXING = YES;
				GCC_C_LANGUAGE_STANDARD = gnu17;
				GCC_DYNAMIC_NO_PIC = NO;
				GCC_NO_COMMON_BLOCKS = YES;
				GCC_OPTIMIZATION_LEVEL = 0;
				GCC_PREPROCESSOR_DEFINITIONS = (
					"DEBUG=1",
					"$(inherited)",
				);
				GCC_WARN_64_TO_32_BIT_CONVERSION = YES;
				GCC_WARN_ABOUT_RETURN_TYPE = YES_ERROR;
				GCC_WARN_UNDECLARED_SELECTOR = YES;
				GCC_WARN_UNINITIALIZED_AUTOS = YES_AGGRESSIVE;
				GCC_WARN_UNUSED_FUNCTION = YES;
				GCC_WARN_UNUSED_VARIABLE = YES;
				LOCALIZATION_PREFERS_STRING_CATALOGS = YES;
				MTL_ENABLE_DEBUG_INFO = INCLUDE_SOURCE;
				MTL_FAST_MATH = YES;
				ONLY_ACTIVE_ARCH = YES;
				SWIFT_ACTIVE_COMPILATION_CONDITIONS = "DEBUG $(inherited)";
				SWIFT_OPTIMIZATION_LEVEL = "-Onone";
			};
			name = Debug;
		};
		7F9F05912F07291D0070E1B2 /* Release */ = {
			isa = XCBuildConfiguration;
			buildSettings = {
				ALWAYS_SEARCH_USER_PATHS = NO;
				ASSETCATALOG_COMPILER_GENERATE_SWIFT_ASSET_SYMBOL_EXTENSIONS = YES;
				CLANG_ANALYZER_NONNULL = YES;
				CLANG_ANALYZER_NUMBER_OBJECT_CONVERSION = YES_AGGRESSIVE;
				CLANG_CXX_LANGUAGE_STANDARD = "gnu++20";
				CLANG_ENABLE_MODULES = YES;
				CLANG_ENABLE_OBJC_ARC = YES;
				CLANG_ENABLE_OBJC_WEAK = YES;
				CLANG_WARN_BLOCK_CAPTURE_AUTORELEASING = YES;
				CLANG_WARN_BOOL_CONVERSION = YES;
				CLANG_WARN_COMMA = YES;
				CLANG_WARN_CONSTANT_CONVERSION = YES;
				CLANG_WARN_DEPRECATED_OBJC_IMPLEMENTATIONS = YES;
				CLANG_WARN_DIRECT_OBJC_ISA_USAGE = YES_ERROR;
				CLANG_WARN_DOCUMENTATION_COMMENTS = YES;
				CLANG_WARN_EMPTY_BODY = YES;
				CLANG_WARN_ENUM_CONVERSION = YES;
				CLANG_WARN_INFINITE_RECURSION = YES;
				CLANG_WARN_INT_CONVERSION = YES;
				CLANG_WARN_NON_LITERAL_NULL_CONVERSION = YES;
				CLANG_WARN_OBJC_IMPLICIT_RETAIN_SELF = YES;
				CLANG_WARN_OBJC_LITERAL_CONVERSION = YES;
				CLANG_WARN_OBJC_ROOT_CLASS = YES_ERROR;
				CLANG_WARN_QUOTED_INCLUDE_IN_FRAMEWORK_HEADER = YES;
				CLANG_WARN_RANGE_LOOP_ANALYSIS = YES;
				CLANG_WARN_STRICT_PROTOTYPES = YES;
				CLANG_WARN_SUSPICIOUS_MOVE = YES;
				CLANG_WARN_UNGUARDED_AVAILABILITY = YES_AGGRESSIVE;
				CLANG_WARN_UNREACHABLE_CODE = YES;
				CLANG_WARN__DUPLICATE_METHOD_MATCH = YES;
				COPY_PHASE_STRIP = NO;
				DEBUG_INFORMATION_FORMAT = "dwarf-with-dsym";
				ENABLE_NS_ASSERTIONS = NO;
				ENABLE_STRICT_OBJC_MSGSEND = YES;
				ENABLE_USER_SCRIPT_SANDBOXING = YES;
				GCC_C_LANGUAGE_STANDARD = gnu17;
				GCC_NO_COMMON_BLOCKS = YES;
				GCC_WARN_64_TO_32_BIT_CONVERSION = YES;
				GCC_WARN_ABOUT_RETURN_TYPE = YES_ERROR;
				GCC_WARN_UNDECLARED_SELECTOR = YES;
				GCC_WARN_UNINITIALIZED_AUTOS = YES_AGGRESSIVE;
				GCC_WARN_UNUSED_FUNCTION = YES;
				GCC_WARN_UNUSED_VARIABLE = YES;
				LOCALIZATION_PREFERS_STRING_CATALOGS = YES;
				MTL_ENABLE_DEBUG_INFO = NO;
				MTL_FAST_MATH = YES;
				SWIFT_COMPILATION_MODE = wholemodule;
			};
			name = Release;
		};
		7F9F05932F07291D0070E1B2 /* Debug */ = {
			isa = XCBuildConfiguration;
			buildSettings = {
				CODE_SIGN_STYLE = Automatic;
				CURRENT_PROJECT_VERSION = 14;
				DEVELOPMENT_TEAM = Q26G342EEL;
				GENERATE_INFOPLIST_FILE = YES;
				CODE_SIGN_ENTITLEMENTS = "iOS (Extension)/Cat Scratches.entitlements";
				INFOPLIST_FILE = "iOS (Extension)/Info.plist";
				INFOPLIST_KEY_CFBundleDisplayName = "Cat Scratches Extension";
				INFOPLIST_KEY_NSHumanReadableCopyright = "";
				IPHONEOS_DEPLOYMENT_TARGET = 15.0;
				LD_RUNPATH_SEARCH_PATHS = (
					"$(inherited)",
					"@executable_path/Frameworks",
					"@executable_path/../../Frameworks",
				);
				MARKETING_VERSION = 2.2.0;
				OTHER_LDFLAGS = (
					"-framework",
					SafariServices,
				);
				PRODUCT_BUNDLE_IDENTIFIER = "com.daviddegner.Cat-Scratches.Extension";
				PRODUCT_NAME = "Cat Scratches Extension";
				SDKROOT = iphoneos;
				SKIP_INSTALL = YES;
				STRING_CATALOG_GENERATE_SYMBOLS = YES;
				SWIFT_APPROACHABLE_CONCURRENCY = YES;
				SWIFT_EMIT_LOC_STRINGS = YES;
				SWIFT_UPCOMING_FEATURE_MEMBER_IMPORT_VISIBILITY = YES;
				SWIFT_VERSION = 5.0;
				TARGETED_DEVICE_FAMILY = "1,2";
			};
			name = Debug;
		};
		7F9F05942F07291D0070E1B2 /* Release */ = {
			isa = XCBuildConfiguration;
			buildSettings = {
				CODE_SIGN_STYLE = Automatic;
				CURRENT_PROJECT_VERSION = 14;
				DEVELOPMENT_TEAM = Q26G342EEL;
				GENERATE_INFOPLIST_FILE = YES;
				CODE_SIGN_ENTITLEMENTS = "iOS (Extension)/Cat Scratches.entitlements";
				INFOPLIST_FILE = "iOS (Extension)/Info.plist";
				INFOPLIST_KEY_CFBundleDisplayName = "Cat Scratches Extension";
				INFOPLIST_KEY_NSHumanReadableCopyright = "";
				IPHONEOS_DEPLOYMENT_TARGET = 15.0;
				LD_RUNPATH_SEARCH_PATHS = (
					"$(inherited)",
					"@executable_path/Frameworks",
					"@executable_path/../../Frameworks",
				);
				MARKETING_VERSION = 2.2.0;
				OTHER_LDFLAGS = (
					"-framework",
					SafariServices,
				);
				PRODUCT_BUNDLE_IDENTIFIER = "com.daviddegner.Cat-Scratches.Extension";
				PRODUCT_NAME = "Cat Scratches Extension";
				SDKROOT = iphoneos;
				SKIP_INSTALL = YES;
				STRING_CATALOG_GENERATE_SYMBOLS = YES;
				SWIFT_APPROACHABLE_CONCURRENCY = YES;
				SWIFT_EMIT_LOC_STRINGS = YES;
				SWIFT_UPCOMING_FEATURE_MEMBER_IMPORT_VISIBILITY = YES;
				SWIFT_VERSION = 5.0;
				TARGETED_DEVICE_FAMILY = "1,2";
				VALIDATE_PRODUCT = YES;
			};
			name = Release;
		};
		7F9F05972F07291D0070E1B2 /* Debug */ = {
			isa = XCBuildConfiguration;
			buildSettings = {
				ASSETCATALOG_COMPILER_APPICON_NAME = AppIconiOS;
				ASSETCATALOG_COMPILER_GLOBAL_ACCENT_COLOR_NAME = AccentColor;
				CODE_SIGN_STYLE = Automatic;
				CURRENT_PROJECT_VERSION = 14;
				DEVELOPMENT_TEAM = Q26G342EEL;
				GENERATE_INFOPLIST_FILE = YES;
				INFOPLIST_FILE = "iOS (App)/Info.plist";
				INFOPLIST_KEY_CFBundleDisplayName = "Cat Scratches";
				INFOPLIST_KEY_LSApplicationCategoryType = "public.app-category.productivity";
				INFOPLIST_KEY_UIApplicationSupportsIndirectInputEvents = YES;
				INFOPLIST_KEY_UILaunchStoryboardName = LaunchScreen;
				INFOPLIST_KEY_UIMainStoryboardFile = Main;
				INFOPLIST_KEY_UISupportedInterfaceOrientations = "UIInterfaceOrientationPortrait UIInterfaceOrientationLandscapeLeft UIInterfaceOrientationLandscapeRight";
				INFOPLIST_KEY_UISupportedInterfaceOrientations_iPad = "UIInterfaceOrientationPortrait UIInterfaceOrientationPortraitUpsideDown UIInterfaceOrientationLandscapeLeft UIInterfaceOrientationLandscapeRight";
				IPHONEOS_DEPLOYMENT_TARGET = 15.0;
				LD_RUNPATH_SEARCH_PATHS = (
					"$(inherited)",
					"@executable_path/Frameworks",
				);
				MARKETING_VERSION = 2.2.0;
				OTHER_LDFLAGS = (
					"-framework",
					SafariServices,
					"-framework",
					WebKit,
				);
				PRODUCT_BUNDLE_IDENTIFIER = "com.daviddegner.Cat-Scratches";
				PRODUCT_NAME = "Cat Scratches";
				SDKROOT = iphoneos;
				STRING_CATALOG_GENERATE_SYMBOLS = YES;
				SWIFT_APPROACHABLE_CONCURRENCY = YES;
				SWIFT_DEFAULT_ACTOR_ISOLATION = MainActor;
				SWIFT_EMIT_LOC_STRINGS = YES;
				SWIFT_UPCOMING_FEATURE_MEMBER_IMPORT_VISIBILITY = YES;
				SWIFT_VERSION = 5.0;
				TARGETED_DEVICE_FAMILY = "1,2";
			};
			name = Debug;
		};
		7F9F05982F07291D0070E1B2 /* Release */ = {
			isa = XCBuildConfiguration;
			buildSettings = {
				ASSETCATALOG_COMPILER_APPICON_NAME = AppIconiOS;
				ASSETCATALOG_COMPILER_GLOBAL_ACCENT_COLOR_NAME = AccentColor;
				CODE_SIGN_STYLE = Automatic;
				CURRENT_PROJECT_VERSION = 14;
				DEVELOPMENT_TEAM = Q26G342EEL;
				GENERATE_INFOPLIST_FILE = YES;
				INFOPLIST_FILE = "iOS (App)/Info.plist";
				INFOPLIST_KEY_CFBundleDisplayName = "Cat Scratches";
				INFOPLIST_KEY_LSApplicationCategoryType = "public.app-category.productivity";
				INFOPLIST_KEY_UIApplicationSupportsIndirectInputEvents = YES;
				INFOPLIST_KEY_UILaunchStoryboardName = LaunchScreen;
				INFOPLIST_KEY_UIMainStoryboardFile = Main;
				INFOPLIST_KEY_UISupportedInterfaceOrientations = "UIInterfaceOrientationPortrait UIInterfaceOrientationLandscapeLeft UIInterfaceOrientationLandscapeRight";
				INFOPLIST_KEY_UISupportedInterfaceOrientations_iPad = "UIInterfaceOrientationPortrait UIInterfaceOrientationPortraitUpsideDown UIInterfaceOrientationLandscapeLeft UIInterfaceOrientationLandscapeRight";
				IPHONEOS_DEPLOYMENT_TARGET = 15.0;
				LD_RUNPATH_SEARCH_PATHS = (
					"$(inherited)",
					"@executable_path/Frameworks",
				);
				MARKETING_VERSION = 2.2.0;
				OTHER_LDFLAGS = (
					"-framework",
					SafariServices,
					"-framework",
					WebKit,
				);
				PRODUCT_BUNDLE_IDENTIFIER = "com.daviddegner.Cat-Scratches";
				PRODUCT_NAME = "Cat Scratches";
				SDKROOT = iphoneos;
				STRING_CATALOG_GENERATE_SYMBOLS = YES;
				SWIFT_APPROACHABLE_CONCURRENCY = YES;
				SWIFT_DEFAULT_ACTOR_ISOLATION = MainActor;
				SWIFT_EMIT_LOC_STRINGS = YES;
				SWIFT_UPCOMING_FEATURE_MEMBER_IMPORT_VISIBILITY = YES;
				SWIFT_VERSION = 5.0;
				TARGETED_DEVICE_FAMILY = "1,2";
				VALIDATE_PRODUCT = YES;
			};
			name = Release;
		};
		7F9F059A2F07291D0070E1B2 /* Debug */ = {
			isa = XCBuildConfiguration;
			buildSettings = {
				CODE_SIGN_ENTITLEMENTS = "macOS (Extension)/Cat Scratches.entitlements";
				CODE_SIGN_STYLE = Automatic;
				CURRENT_PROJECT_VERSION = 14;
				DEVELOPMENT_TEAM = Q26G342EEL;
				ENABLE_APP_SANDBOX = YES;
				ENABLE_HARDENED_RUNTIME = YES;
				ENABLE_USER_SELECTED_FILES = readonly;
				GENERATE_INFOPLIST_FILE = YES;
				INFOPLIST_FILE = "macOS (Extension)/Info.plist";
				INFOPLIST_KEY_CFBundleDisplayName = "Cat Scratches Extension";
				INFOPLIST_KEY_NSHumanReadableCopyright = "";
				LD_RUNPATH_SEARCH_PATHS = (
					"$(inherited)",
					"@executable_path/../Frameworks",
					"@executable_path/../../../../Frameworks",
				);
				MACOSX_DEPLOYMENT_TARGET = 15.6;
				MARKETING_VERSION = 2.2.0;
				OTHER_LDFLAGS = (
					"-framework",
					SafariServices,
				);
				PRODUCT_BUNDLE_IDENTIFIER = "com.daviddegner.Cat-Scratches.Extension";
				PRODUCT_NAME = "Cat Scratches Extension";
				SDKROOT = macosx;
				SKIP_INSTALL = YES;
				STRING_CATALOG_GENERATE_SYMBOLS = YES;
				SWIFT_APPROACHABLE_CONCURRENCY = YES;
				SWIFT_EMIT_LOC_STRINGS = YES;
				SWIFT_UPCOMING_FEATURE_MEMBER_IMPORT_VISIBILITY = YES;
				SWIFT_VERSION = 5.0;
			};
			name = Debug;
		};
		7F9F059B2F07291D0070E1B2 /* Release */ = {
			isa = XCBuildConfiguration;
			buildSettings = {
				CODE_SIGN_ENTITLEMENTS = "macOS (Extension)/Cat Scratches.entitlements";
				CODE_SIGN_STYLE = Automatic;
				CURRENT_PROJECT_VERSION = 14;
				DEVELOPMENT_TEAM = Q26G342EEL;
				ENABLE_APP_SANDBOX = YES;
				ENABLE_HARDENED_RUNTIME = YES;
				ENABLE_USER_SELECTED_FILES = readonly;
				GENERATE_INFOPLIST_FILE = YES;
				INFOPLIST_FILE = "macOS (Extension)/Info.plist";
				INFOPLIST_KEY_CFBundleDisplayName = "Cat Scratches Extension";
				INFOPLIST_KEY_NSHumanReadableCopyright = "";
				LD_RUNPATH_SEARCH_PATHS = (
					"$(inherited)",
					"@executable_path/../Frameworks",
					"@executable_path/../../../../Frameworks",
				);
				MACOSX_DEPLOYMENT_TARGET = 15.6;
				MARKETING_VERSION = 2.2.0;
				OTHER_LDFLAGS = (
					"-framework",
					SafariServices,
				);
				PRODUCT_BUNDLE_IDENTIFIER = "com.daviddegner.Cat-Scratches.Extension";
				PRODUCT_NAME = "Cat Scratches Extension";
				SDKROOT = macosx;
				SKIP_INSTALL = YES;
				STRING_CATALOG_GENERATE_SYMBOLS = YES;
				SWIFT_APPROACHABLE_CONCURRENCY = YES;
				SWIFT_EMIT_LOC_STRINGS = YES;
				SWIFT_UPCOMING_FEATURE_MEMBER_IMPORT_VISIBILITY = YES;
				SWIFT_VERSION = 5.0;
			};
			name = Release;
		};
		7F9F059E2F07291D0070E1B2 /* Debug */ = {
			isa = XCBuildConfiguration;
			buildSettings = {
				ASSETCATALOG_COMPILER_APPICON_NAME = AppIcon;
				ASSETCATALOG_COMPILER_GLOBAL_ACCENT_COLOR_NAME = AccentColor;
				CODE_SIGN_ENTITLEMENTS = "macOS (App)/Cat Scratches.entitlements";
				CODE_SIGN_STYLE = Automatic;
				CURRENT_PROJECT_VERSION = 14;
				DEVELOPMENT_TEAM = Q26G342EEL;
				ENABLE_APP_SANDBOX = YES;
				ENABLE_HARDENED_RUNTIME = YES;
				ENABLE_OUTGOING_NETWORK_CONNECTIONS = YES;
				ENABLE_USER_SELECTED_FILES = readonly;
				GENERATE_INFOPLIST_FILE = YES;
				INFOPLIST_FILE = "macOS (App)/Info.plist";
				INFOPLIST_KEY_CFBundleDisplayName = "Cat Scratches";
				INFOPLIST_KEY_LSApplicationCategoryType = "public.app-category.productivity";
				INFOPLIST_KEY_NSMainStoryboardFile = Main;
				INFOPLIST_KEY_NSPrincipalClass = NSApplication;
				LD_RUNPATH_SEARCH_PATHS = (
					"$(inherited)",
					"@executable_path/../Frameworks",
				);
				MACOSX_DEPLOYMENT_TARGET = 15.6;
				MARKETING_VERSION = 2.2.0;
				OTHER_LDFLAGS = (
					"-framework",
					SafariServices,
					"-framework",
					WebKit,
				);
				PRODUCT_BUNDLE_IDENTIFIER = "com.daviddegner.Cat-Scratches";
				PRODUCT_NAME = "Cat Scratches";
				REGISTER_APP_GROUPS = YES;
				SDKROOT = macosx;
				STRING_CATALOG_GENERATE_SYMBOLS = YES;
				SWIFT_APPROACHABLE_CONCURRENCY = YES;
				SWIFT_DEFAULT_ACTOR_ISOLATION = MainActor;
				SWIFT_EMIT_LOC_STRINGS = YES;
				SWIFT_UPCOMING_FEATURE_MEMBER_IMPORT_VISIBILITY = YES;
				SWIFT_VERSION = 5.0;
			};
			name = Debug;
		};
		7F9F059F2F07291D0070E1B2 /* Release */ = {
			isa = XCBuildConfiguration;
			buildSettings = {
				ASSETCATALOG_COMPILER_APPICON_NAME = AppIcon;
				ASSETCATALOG_COMPILER_GLOBAL_ACCENT_COLOR_NAME = AccentColor;
				CODE_SIGN_ENTITLEMENTS = "macOS (App)/Cat Scratches.entitlements";
				CODE_SIGN_STYLE = Automatic;
				CURRENT_PROJECT_VERSION = 14;
				DEVELOPMENT_TEAM = Q26G342EEL;
				ENABLE_APP_SANDBOX = YES;
				ENABLE_HARDENED_RUNTIME = YES;
				ENABLE_OUTGOING_NETWORK_CONNECTIONS = YES;
				ENABLE_USER_SELECTED_FILES = readonly;
				GENERATE_INFOPLIST_FILE = YES;
				INFOPLIST_FILE = "macOS (App)/Info.plist";
				INFOPLIST_KEY_CFBundleDisplayName = "Cat Scratches";
				INFOPLIST_KEY_LSApplicationCategoryType = "public.app-category.productivity";
				INFOPLIST_KEY_NSMainStoryboardFile = Main;
				INFOPLIST_KEY_NSPrincipalClass = NSApplication;
				LD_RUNPATH_SEARCH_PATHS = (
					"$(inherited)",
					"@executable_path/../Frameworks",
				);
				MACOSX_DEPLOYMENT_TARGET = 15.6;
				MARKETING_VERSION = 2.2.0;
				OTHER_LDFLAGS = (
					"-framework",
					SafariServices,
					"-framework",
					WebKit,
				);
				PRODUCT_BUNDLE_IDENTIFIER = "com.daviddegner.Cat-Scratches";
				PRODUCT_NAME = "Cat Scratches";
				REGISTER_APP_GROUPS = YES;
				SDKROOT = macosx;
				STRING_CATALOG_GENERATE_SYMBOLS = YES;
				SWIFT_APPROACHABLE_CONCURRENCY = YES;
				SWIFT_DEFAULT_ACTOR_ISOLATION = MainActor;
				SWIFT_EMIT_LOC_STRINGS = YES;
				SWIFT_UPCOMING_FEATURE_MEMBER_IMPORT_VISIBILITY = YES;
				SWIFT_VERSION = 5.0;
			};
			name = Release;
		};
/* End XCBuildConfiguration section */

/* Begin XCConfigurationList section */
		7F9F05442F07291B0070E1B2 /* Build configuration list for PBXProject "Cat Scratches" */ = {
			isa = XCConfigurationList;
			buildConfigurations = (
				7F9F05902F07291D0070E1B2 /* Debug */,
				7F9F05912F07291D0070E1B2 /* Release */,
			);
			defaultConfigurationIsVisible = 0;
			defaultConfigurationName = Release;
		};
		7F9F05922F07291D0070E1B2 /* Build configuration list for PBXNativeTarget "Cat Scratches Extension (iOS)" */ = {
			isa = XCConfigurationList;
			buildConfigurations = (
				7F9F05932F07291D0070E1B2 /* Debug */,
				7F9F05942F07291D0070E1B2 /* Release */,
			);
			defaultConfigurationIsVisible = 0;
			defaultConfigurationName = Release;
		};
		7F9F05962F07291D0070E1B2 /* Build configuration list for PBXNativeTarget "Cat Scratches (iOS)" */ = {
			isa = XCConfigurationList;
			buildConfigurations = (
				7F9F05972F07291D0070E1B2 /* Debug */,
				7F9F05982F07291D0070E1B2 /* Release */,
			);
			defaultConfigurationIsVisible = 0;
			defaultConfigurationName = Release;
		};
		7F9F05992F07291D0070E1B2 /* Build configuration list for PBXNativeTarget "Cat Scratches Extension (macOS)" */ = {
			isa = XCConfigurationList;
			buildConfigurations = (
				7F9F059A2F07291D0070E1B2 /* Debug */,
				7F9F059B2F07291D0070E1B2 /* Release */,
			);
			defaultConfigurationIsVisible = 0;
			defaultConfigurationName = Release;
		};
		7F9F059D2F07291D0070E1B2 /* Build configuration list for PBXNativeTarget "Cat Scratches (macOS)" */ = {
			isa = XCConfigurationList;
			buildConfigurations = (
				7F9F059E2F07291D0070E1B2 /* Debug */,
				7F9F059F2F07291D0070E1B2 /* Release */,
			);
			defaultConfigurationIsVisible = 0;
			defaultConfigurationName = Release;
		};
/* End XCConfigurationList section */
	};
	rootObject = 7F9F05412F07291B0070E1B2 /* Project object */;
}
